Microsoft Visual Studio Solution File, Format Version 12.00
# Visual Studio Version 17
VisualStudioVersion = 17.5.2.0
MinimumVisualStudioVersion = 10.0.40219.1
Project("{FAE04EC0-301F-11D3-BF4B-00C04F79EFBC}") = "TasksLog", "TasksLog.csproj", "{009E3B1C-296C-3342-3A9C-29D42CF06D33}"
EndProject
Global
	GlobalSection(SolutionConfigurationPlatforms) = preSolution
		Debug|Any CPU = Debug|Any CPU
		Release|Any CPU = Release|Any CPU
	EndGlobalSection
	GlobalSection(ProjectConfigurationPlatforms) = postSolution
		{009E3B1C-296C-3342-3A9C-29D42CF06D33}.Debug|Any CPU.ActiveCfg = Debug|Any CPU
		{009E3B1C-296C-3342-3A9C-29D42CF06D33}.Debug|Any CPU.Build.0 = Debug|Any CPU
		{009E3B1C-296C-3342-3A9C-29D42CF06D33}.Release|Any CPU.ActiveCfg = Release|Any CPU
		{009E3B1C-296C-3342-3A9C-29D42CF06D33}.Release|Any CPU.Build.0 = Release|Any CPU
	EndGlobalSection
	GlobalSection(SolutionProperties) = preSolution
		HideSolutionNode = FALSE
	EndGlobalSection
	GlobalSection(ExtensibilityGlobals) = postSolution
		SolutionGuid = {409C33DA-B981-46FF-8A17-F6E0DE564DE0}
	EndGlobalSection
EndGlobal
