
Microsoft Visual Studio Solution File, Format Version 12.00
# Visual Studio Version 17
VisualStudioVersion = 17.14.36811.4
MinimumVisualStudioVersion = 10.0.40219.1
Project("{FAE04EC0-301F-11D3-BF4B-00C04F79EFBC}") = "OlympusAssignment", "OlympusAssignment.csproj", "{FAFF8D73-82D2-44AA-ADE5-B54BB89C72D0}"
EndProject
Project("{2150E333-8FDC-42A3-9474-1A3956D46DE8}") = "AnujaOlympusAssignment", "AnujaOlympusAssignment", "{02EA681E-C7D8-13C7-8484-4AC65E1B71E8}"
EndProject
Global
	GlobalSection(SolutionConfigurationPlatforms) = preSolution
		Debug|Any CPU = Debug|Any CPU
		Release|Any CPU = Release|Any CPU
	EndGlobalSection
	GlobalSection(ProjectConfigurationPlatforms) = postSolution
		{FAFF8D73-82D2-44AA-ADE5-B54BB89C72D0}.Debug|Any CPU.ActiveCfg = Debug|Any CPU
		{FAFF8D73-82D2-44AA-ADE5-B54BB89C72D0}.Debug|Any CPU.Build.0 = Debug|Any CPU
		{FAFF8D73-82D2-44AA-ADE5-B54BB89C72D0}.Release|Any CPU.ActiveCfg = Release|Any CPU
		{FAFF8D73-82D2-44AA-ADE5-B54BB89C72D0}.Release|Any CPU.Build.0 = Release|Any CPU
	EndGlobalSection
	GlobalSection(SolutionProperties) = preSolution
		HideSolutionNode = FALSE
	EndGlobalSection
	GlobalSection(NestedProjects) = preSolution
		{FAFF8D73-82D2-44AA-ADE5-B54BB89C72D0} = {02EA681E-C7D8-13C7-8484-4AC65E1B71E8}
	EndGlobalSection
	GlobalSection(ExtensibilityGlobals) = postSolution
		SolutionGuid = {A5484D1D-30A6-453E-A4A2-73E152B13D74}
	EndGlobalSection
EndGlobal
